
Microsoft Visual Studio Solution File, Format Version 12.00
# Visual Studio Version 17
VisualStudioVersion = 17.1.32328.378
MinimumVisualStudioVersion = 10.0.40219.1
Project("{9A19103F-16F7-4668-BE54-9A1E7A4F7556}") = "TDDDojo", "TDDDojo\TDDDojo.csproj", "{4D43A8FF-4708-42B2-9AD0-D7941209F257}"
EndProject
Project("{FAE04EC0-301F-11D3-BF4B-00C04F79EFBC}") = "TDDDojoTests", "TDDDojoTests\TDDDojoTests.csproj", "{E18D9515-6AF5-4719-9592-3F5B7AB54912}"
EndProject
Global
	GlobalSection(SolutionConfigurationPlatforms) = preSolution
		Debug|Any CPU = Debug|Any CPU
		Release|Any CPU = Release|Any CPU
	EndGlobalSection
	GlobalSection(ProjectConfigurationPlatforms) = postSolution
		{4D43A8FF-4708-42B2-9AD0-D7941209F257}.Debug|Any CPU.ActiveCfg = Debug|Any CPU
		{4D43A8FF-4708-42B2-9AD0-D7941209F257}.Debug|Any CPU.Build.0 = Debug|Any CPU
		{4D43A8FF-4708-42B2-9AD0-D7941209F257}.Release|Any CPU.ActiveCfg = Release|Any CPU
		{4D43A8FF-4708-42B2-9AD0-D7941209F257}.Release|Any CPU.Build.0 = Release|Any CPU
		{E18D9515-6AF5-4719-9592-3F5B7AB54912}.Debug|Any CPU.ActiveCfg = Debug|Any CPU
		{E18D9515-6AF5-4719-9592-3F5B7AB54912}.Debug|Any CPU.Build.0 = Debug|Any CPU
		{E18D9515-6AF5-4719-9592-3F5B7AB54912}.Release|Any CPU.ActiveCfg = Release|Any CPU
		{E18D9515-6AF5-4719-9592-3F5B7AB54912}.Release|Any CPU.Build.0 = Release|Any CPU
	EndGlobalSection
	GlobalSection(SolutionProperties) = preSolution
		HideSolutionNode = FALSE
	EndGlobalSection
	GlobalSection(ExtensibilityGlobals) = postSolution
		SolutionGuid = {BCF39219-5D30-47A3-ABDD-4932B226FC3E}
	EndGlobalSection
EndGlobal
